
Microsoft Visual Studio Solution File, Format Version 12.00
# Visual Studio 15
VisualStudioVersion = 15.0.28307.1267
MinimumVisualStudioVersion = 10.0.40219.1
Project("{FAE04EC0-301F-11D3-BF4B-00C04F79EFBC}") = "F74084088_practice14", "F74084088_practice14\F74084088_practice14.csproj", "{55B570B5-73DA-4FD4-88B5-45E398DB8136}"
EndProject
Global
	GlobalSection(SolutionConfigurationPlatforms) = preSolution
		Debug|Any CPU = Debug|Any CPU
		Release|Any CPU = Release|Any CPU
	EndGlobalSection
	GlobalSection(ProjectConfigurationPlatforms) = postSolution
		{55B570B5-73DA-4FD4-88B5-45E398DB8136}.Debug|Any CPU.ActiveCfg = Debug|Any CPU
		{55B570B5-73DA-4FD4-88B5-45E398DB8136}.Debug|Any CPU.Build.0 = Debug|Any CPU
		{55B570B5-73DA-4FD4-88B5-45E398DB8136}.Release|Any CPU.ActiveCfg = Release|Any CPU
		{55B570B5-73DA-4FD4-88B5-45E398DB8136}.Release|Any CPU.Build.0 = Release|Any CPU
	EndGlobalSection
	GlobalSection(SolutionProperties) = preSolution
		HideSolutionNode = FALSE
	EndGlobalSection
	GlobalSection(ExtensibilityGlobals) = postSolution
		SolutionGuid = {7D0F05AD-2409-49FF-BBE0-35D44D152BFF}
	EndGlobalSection
EndGlobal
