
Microsoft Visual Studio Solution File, Format Version 12.00
# Visual Studio 15
VisualStudioVersion = 15.0.28307.1267
MinimumVisualStudioVersion = 10.0.40219.1
Project("{FAE04EC0-301F-11D3-BF4B-00C04F79EFBC}") = "WindowsFormsApp19", "WindowsFormsApp19\WindowsFormsApp19.csproj", "{8527A03C-63B0-4903-817F-1609FE7B0257}"
EndProject
Global
	GlobalSection(SolutionConfigurationPlatforms) = preSolution
		Debug|Any CPU = Debug|Any CPU
		Release|Any CPU = Release|Any CPU
	EndGlobalSection
	GlobalSection(ProjectConfigurationPlatforms) = postSolution
		{8527A03C-63B0-4903-817F-1609FE7B0257}.Debug|Any CPU.ActiveCfg = Debug|Any CPU
		{8527A03C-63B0-4903-817F-1609FE7B0257}.Debug|Any CPU.Build.0 = Debug|Any CPU
		{8527A03C-63B0-4903-817F-1609FE7B0257}.Release|Any CPU.ActiveCfg = Release|Any CPU
		{8527A03C-63B0-4903-817F-1609FE7B0257}.Release|Any CPU.Build.0 = Release|Any CPU
	EndGlobalSection
	GlobalSection(SolutionProperties) = preSolution
		HideSolutionNode = FALSE
	EndGlobalSection
	GlobalSection(ExtensibilityGlobals) = postSolution
		SolutionGuid = {A7CE75AD-11B2-4238-95B4-33F25D8F09B5}
	EndGlobalSection
EndGlobal
