
Microsoft Visual Studio Solution File, Format Version 12.00
# Visual Studio 15
VisualStudioVersion = 15.0.28307.1259
MinimumVisualStudioVersion = 10.0.40219.1
Project("{FAE04EC0-301F-11D3-BF4B-00C04F79EFBC}") = "f74084088_practice3_2", "f74084088_practice3_2\f74084088_practice3_2.csproj", "{13E5D5BF-C592-4400-9213-B4C25B6A95B6}"
EndProject
Global
	GlobalSection(SolutionConfigurationPlatforms) = preSolution
		Debug|Any CPU = Debug|Any CPU
		Release|Any CPU = Release|Any CPU
	EndGlobalSection
	GlobalSection(ProjectConfigurationPlatforms) = postSolution
		{13E5D5BF-C592-4400-9213-B4C25B6A95B6}.Debug|Any CPU.ActiveCfg = Debug|Any CPU
		{13E5D5BF-C592-4400-9213-B4C25B6A95B6}.Debug|Any CPU.Build.0 = Debug|Any CPU
		{13E5D5BF-C592-4400-9213-B4C25B6A95B6}.Release|Any CPU.ActiveCfg = Release|Any CPU
		{13E5D5BF-C592-4400-9213-B4C25B6A95B6}.Release|Any CPU.Build.0 = Release|Any CPU
	EndGlobalSection
	GlobalSection(SolutionProperties) = preSolution
		HideSolutionNode = FALSE
	EndGlobalSection
	GlobalSection(ExtensibilityGlobals) = postSolution
		SolutionGuid = {874B006A-C49D-4E1B-AAA8-4CD3F8D095D8}
	EndGlobalSection
EndGlobal
