
Microsoft Visual Studio Solution File, Format Version 12.00
# Visual Studio 15
VisualStudioVersion = 15.0.28307.1259
MinimumVisualStudioVersion = 10.0.40219.1
Project("{FAE04EC0-301F-11D3-BF4B-00C04F79EFBC}") = "f74084088_practice5_2", "f74084088_practice5_2\f74084088_practice5_2.csproj", "{CE98BBB4-9649-42BA-9A27-42F640017615}"
EndProject
Global
	GlobalSection(SolutionConfigurationPlatforms) = preSolution
		Debug|Any CPU = Debug|Any CPU
		Release|Any CPU = Release|Any CPU
	EndGlobalSection
	GlobalSection(ProjectConfigurationPlatforms) = postSolution
		{CE98BBB4-9649-42BA-9A27-42F640017615}.Debug|Any CPU.ActiveCfg = Debug|Any CPU
		{CE98BBB4-9649-42BA-9A27-42F640017615}.Debug|Any CPU.Build.0 = Debug|Any CPU
		{CE98BBB4-9649-42BA-9A27-42F640017615}.Release|Any CPU.ActiveCfg = Release|Any CPU
		{CE98BBB4-9649-42BA-9A27-42F640017615}.Release|Any CPU.Build.0 = Release|Any CPU
	EndGlobalSection
	GlobalSection(SolutionProperties) = preSolution
		HideSolutionNode = FALSE
	EndGlobalSection
	GlobalSection(ExtensibilityGlobals) = postSolution
		SolutionGuid = {BB23F52D-8EF5-4EF4-9203-46183F14254C}
	EndGlobalSection
EndGlobal
